// !$*UTF8*$!
{
	archiveVersion = 1;
	classes = {
	};
	objectVersion = 52;
	objects = {

/* Begin PBXBuildFile section */
		0067AF0425651F560096F19B /* AppDelegate.swift in Sources */ = {isa = PBXBuildFile; fileRef = 0067AF0325651F560096F19B /* AppDelegate.swift */; };
		0067AF0825651F560096F19B /* ViewController.swift in Sources */ = {isa = PBXBuildFile; fileRef = 0067AF0725651F560096F19B /* ViewController.swift */; };
		0067AF0B25651F560096F19B /* Main.storyboard in Resources */ = {isa = PBXBuildFile; fileRef = 0067AF0925651F560096F19B /* Main.storyboard */; };
		0067AF0D25651F590096F19B /* Assets.xcassets in Resources */ = {isa = PBXBuildFile; fileRef = 0067AF0C25651F590096F19B /* Assets.xcassets */; };
		0067AF1025651F590096F19B /* LaunchScreen.storyboard in Resources */ = {isa = PBXBuildFile; fileRef = 0067AF0E25651F590096F19B /* LaunchScreen.storyboard */; };
		0067AF55256523020096F19B /* VideoViewController.swift in Sources */ = {isa = PBXBuildFile; fileRef = 0067AF4E256523020096F19B /* VideoViewController.swift */; };
		007D0167256E338200ABECB0 /* data.json in Resources */ = {isa = PBXBuildFile; fileRef = 007D0160256E338200ABECB0 /* data.json */; };
		007D016C256E36DA00ABECB0 /* PlayerCell.swift in Sources */ = {isa = PBXBuildFile; fileRef = 007D016A256E36DA00ABECB0 /* PlayerCell.swift */; };
		007D016D256E36DA00ABECB0 /* PlayerCell.xib in Resources */ = {isa = PBXBuildFile; fileRef = 007D016B256E36DA00ABECB0 /* PlayerCell.xib */; };
		007D0171256E390800ABECB0 /* SwiftyJSON in Frameworks */ = {isa = PBXBuildFile; productRef = 007D0170256E390800ABECB0 /* SwiftyJSON */; };
		007D0176256E3CDE00ABECB0 /* Kingfisher in Frameworks */ = {isa = PBXBuildFile; productRef = 007D0175256E3CDE00ABECB0 /* Kingfisher */; };
		007D019B256E55BA00ABECB0 /* Alamofire.framework in Frameworks */ = {isa = PBXBuildFile; fileRef = 0067AF2225651FAF0096F19B /* Alamofire.framework */; };
		007D019C256E55BA00ABECB0 /* Alamofire.framework in Embed Frameworks */ = {isa = PBXBuildFile; fileRef = 0067AF2225651FAF0096F19B /* Alamofire.framework */; settings = {ATTRIBUTES = (CodeSignOnCopy, RemoveHeadersOnCopy, ); }; };
		007D019E256E55BC00ABECB0 /* STMURLAsset.framework in Frameworks */ = {isa = PBXBuildFile; fileRef = 0067AF2425651FAF0096F19B /* STMURLAsset.framework */; };
		007D019F256E55BC00ABECB0 /* STMURLAsset.framework in Embed Frameworks */ = {isa = PBXBuildFile; fileRef = 0067AF2425651FAF0096F19B /* STMURLAsset.framework */; settings = {ATTRIBUTES = (CodeSignOnCopy, RemoveHeadersOnCopy, ); }; };
/* End PBXBuildFile section */

/* Begin PBXContainerItemProxy section */
		0067AF2125651FAF0096F19B /* PBXContainerItemProxy */ = {
			isa = PBXContainerItemProxy;
			containerPortal = 0067AF1825651FAF0096F19B /* STMURLAsset.xcodeproj */;
			proxyType = 2;
			remoteGlobalIDString = "Alamofire::Alamofire::Product";
			remoteInfo = Alamofire;
		};
		0067AF2325651FAF0096F19B /* PBXContainerItemProxy */ = {
			isa = PBXContainerItemProxy;
			containerPortal = 0067AF1825651FAF0096F19B /* STMURLAsset.xcodeproj */;
			proxyType = 2;
			remoteGlobalIDString = "STMURLAsset::STMURLAsset::Product";
			remoteInfo = STMURLAsset;
		};
		0067AF2525651FAF0096F19B /* PBXContainerItemProxy */ = {
			isa = PBXContainerItemProxy;
			containerPortal = 0067AF1825651FAF0096F19B /* STMURLAsset.xcodeproj */;
			proxyType = 2;
			remoteGlobalIDString = "STMURLAsset::STMURLAssetTests::Product";
			remoteInfo = STMURLAssetTests;
		};
/* End PBXContainerItemProxy section */

/* Begin PBXCopyFilesBuildPhase section */
		007D019D256E55BA00ABECB0 /* Embed Frameworks */ = {
			isa = PBXCopyFilesBuildPhase;
			buildActionMask = 2147483647;
			dstPath = "";
			dstSubfolderSpec = 10;
			files = (
				007D019F256E55BC00ABECB0 /* STMURLAsset.framework in Embed Frameworks */,
				007D019C256E55BA00ABECB0 /* Alamofire.framework in Embed Frameworks */,
			);
			name = "Embed Frameworks";
			runOnlyForDeploymentPostprocessing = 0;
		};
/* End PBXCopyFilesBuildPhase section */

/* Begin PBXFileReference section */
		0067AF0025651F560096F19B /* iOS Example.app */ = {isa = PBXFileReference; explicitFileType = wrapper.application; includeInIndex = 0; path = "iOS Example.app"; sourceTree = BUILT_PRODUCTS_DIR; };
		0067AF0325651F560096F19B /* AppDelegate.swift */ = {isa = PBXFileReference; lastKnownFileType = sourcecode.swift; path = AppDelegate.swift; sourceTree = "<group>"; };
		0067AF0725651F560096F19B /* ViewController.swift */ = {isa = PBXFileReference; lastKnownFileType = sourcecode.swift; path = ViewController.swift; sourceTree = "<group>"; };
		0067AF0A25651F560096F19B /* Base */ = {isa = PBXFileReference; lastKnownFileType = file.storyboard; name = Base; path = Base.lproj/Main.storyboard; sourceTree = "<group>"; };
		0067AF0C25651F590096F19B /* Assets.xcassets */ = {isa = PBXFileReference; lastKnownFileType = folder.assetcatalog; path = Assets.xcassets; sourceTree = "<group>"; };
		0067AF0F25651F590096F19B /* Base */ = {isa = PBXFileReference; lastKnownFileType = file.storyboard; name = Base; path = Base.lproj/LaunchScreen.storyboard; sourceTree = "<group>"; };
		0067AF1125651F590096F19B /* Info.plist */ = {isa = PBXFileReference; lastKnownFileType = text.plist.xml; path = Info.plist; sourceTree = "<group>"; };
		0067AF1825651FAF0096F19B /* STMURLAsset.xcodeproj */ = {isa = PBXFileReference; lastKnownFileType = "wrapper.pb-project"; name = STMURLAsset.xcodeproj; path = ../../STMURLAsset.xcodeproj; sourceTree = "<group>"; };
		0067AF4E256523020096F19B /* VideoViewController.swift */ = {isa = PBXFileReference; fileEncoding = 4; lastKnownFileType = sourcecode.swift; path = VideoViewController.swift; sourceTree = "<group>"; };
		007D0160256E338200ABECB0 /* data.json */ = {isa = PBXFileReference; fileEncoding = 4; lastKnownFileType = text.json; path = data.json; sourceTree = "<group>"; };
		007D016A256E36DA00ABECB0 /* PlayerCell.swift */ = {isa = PBXFileReference; lastKnownFileType = sourcecode.swift; path = PlayerCell.swift; sourceTree = "<group>"; };
		007D016B256E36DA00ABECB0 /* PlayerCell.xib */ = {isa = PBXFileReference; lastKnownFileType = file.xib; path = PlayerCell.xib; sourceTree = "<group>"; };
/* End PBXFileReference section */

/* Begin PBXFrameworksBuildPhase section */
		0067AEFD25651F560096F19B /* Frameworks */ = {
			isa = PBXFrameworksBuildPhase;
			buildActionMask = 2147483647;
			files = (
				007D019E256E55BC00ABECB0 /* STMURLAsset.framework in Frameworks */,
				007D0176256E3CDE00ABECB0 /* Kingfisher in Frameworks */,
				007D0171256E390800ABECB0 /* SwiftyJSON in Frameworks */,
				007D019B256E55BA00ABECB0 /* Alamofire.framework in Frameworks */,
			);
			runOnlyForDeploymentPostprocessing = 0;
		};
/* End PBXFrameworksBuildPhase section */

/* Begin PBXGroup section */
		0067AEF725651F560096F19B = {
			isa = PBXGroup;
			children = (
				0067AF0225651F560096F19B /* iOS Example */,
				0067AF0125651F560096F19B /* Products */,
				0067AF1825651FAF0096F19B /* STMURLAsset.xcodeproj */,
				007D017F256E4B3B00ABECB0 /* Frameworks */,
			);
			sourceTree = "<group>";
		};
		0067AF0125651F560096F19B /* Products */ = {
			isa = PBXGroup;
			children = (
				0067AF0025651F560096F19B /* iOS Example.app */,
			);
			name = Products;
			sourceTree = "<group>";
		};
		0067AF0225651F560096F19B /* iOS Example */ = {
			isa = PBXGroup;
			children = (
				0067AF0325651F560096F19B /* AppDelegate.swift */,
				0067AF0725651F560096F19B /* ViewController.swift */,
				0067AF4E256523020096F19B /* VideoViewController.swift */,
				007D016A256E36DA00ABECB0 /* PlayerCell.swift */,
				007D016B256E36DA00ABECB0 /* PlayerCell.xib */,
				0067AF0925651F560096F19B /* Main.storyboard */,
				0067AF0C25651F590096F19B /* Assets.xcassets */,
				0067AF0E25651F590096F19B /* LaunchScreen.storyboard */,
				0067AF1125651F590096F19B /* Info.plist */,
				007D0160256E338200ABECB0 /* data.json */,
			);
			path = "iOS Example";
			sourceTree = "<group>";
		};
		0067AF1925651FAF0096F19B /* Products */ = {
			isa = PBXGroup;
			children = (
				0067AF2225651FAF0096F19B /* Alamofire.framework */,
				0067AF2425651FAF0096F19B /* STMURLAsset.framework */,
				0067AF2625651FAF0096F19B /* STMURLAssetTests.xctest */,
			);
			name = Products;
			sourceTree = "<group>";
		};
		007D017F256E4B3B00ABECB0 /* Frameworks */ = {
			isa = PBXGroup;
			children = (
			);
			name = Frameworks;
			sourceTree = "<group>";
		};
/* End PBXGroup section */

/* Begin PBXNativeTarget section */
		0067AEFF25651F560096F19B /* iOS Example */ = {
			isa = PBXNativeTarget;
			buildConfigurationList = 0067AF1425651F590096F19B /* Build configuration list for PBXNativeTarget "iOS Example" */;
			buildPhases = (
				0067AEFC25651F560096F19B /* Sources */,
				0067AEFD25651F560096F19B /* Frameworks */,
				0067AEFE25651F560096F19B /* Resources */,
				007D019D256E55BA00ABECB0 /* Embed Frameworks */,
			);
			buildRules = (
			);
			dependencies = (
			);
			name = "iOS Example";
			packageProductDependencies = (
				007D0170256E390800ABECB0 /* SwiftyJSON */,
				007D0175256E3CDE00ABECB0 /* Kingfisher */,
			);
			productName = "iOS Example";
			productReference = 0067AF0025651F560096F19B /* iOS Example.app */;
			productType = "com.apple.product-type.application";
		};
/* End PBXNativeTarget section */

/* Begin PBXProject section */
		0067AEF825651F560096F19B /* Project object */ = {
			isa = PBXProject;
			attributes = {
				LastSwiftUpdateCheck = 1210;
				LastUpgradeCheck = 1210;
				TargetAttributes = {
					0067AEFF25651F560096F19B = {
						CreatedOnToolsVersion = 12.1;
					};
				};
			};
			buildConfigurationList = 0067AEFB25651F560096F19B /* Build configuration list for PBXProject "iOS Example" */;
			compatibilityVersion = "Xcode 9.3";
			developmentRegion = en;
			hasScannedForEncodings = 0;
			knownRegions = (
				en,
				Base,
			);
			mainGroup = 0067AEF725651F560096F19B;
			packageReferences = (
				007D016F256E390800ABECB0 /* XCRemoteSwiftPackageReference "SwiftyJSON" */,
				007D0174256E3CDE00ABECB0 /* XCRemoteSwiftPackageReference "Kingfisher" */,
			);
			productRefGroup = 0067AF0125651F560096F19B /* Products */;
			projectDirPath = "";
			projectReferences = (
				{
					ProductGroup = 0067AF1925651FAF0096F19B /* Products */;
					ProjectRef = 0067AF1825651FAF0096F19B /* STMURLAsset.xcodeproj */;
				},
			);
			projectRoot = "";
			targets = (
				0067AEFF25651F560096F19B /* iOS Example */,
			);
		};
/* End PBXProject section */

/* Begin PBXReferenceProxy section */
		0067AF2225651FAF0096F19B /* Alamofire.framework */ = {
			isa = PBXReferenceProxy;
			fileType = wrapper.framework;
			path = Alamofire.framework;
			remoteRef = 0067AF2125651FAF0096F19B /* PBXContainerItemProxy */;
			sourceTree = BUILT_PRODUCTS_DIR;
		};
		0067AF2425651FAF0096F19B /* STMURLAsset.framework */ = {
			isa = PBXReferenceProxy;
			fileType = wrapper.framework;
			path = STMURLAsset.framework;
			remoteRef = 0067AF2325651FAF0096F19B /* PBXContainerItemProxy */;
			sourceTree = BUILT_PRODUCTS_DIR;
		};
		0067AF2625651FAF0096F19B /* STMURLAssetTests.xctest */ = {
			isa = PBXReferenceProxy;
			fileType = file;
			path = STMURLAssetTests.xctest;
			remoteRef = 0067AF2525651FAF0096F19B /* PBXContainerItemProxy */;
			sourceTree = BUILT_PRODUCTS_DIR;
		};
/* End PBXReferenceProxy section */

/* Begin PBXResourcesBuildPhase section */
		0067AEFE25651F560096F19B /* Resources */ = {
			isa = PBXResourcesBuildPhase;
			buildActionMask = 2147483647;
			files = (
				0067AF1025651F590096F19B /* LaunchScreen.storyboard in Resources */,
				0067AF0D25651F590096F19B /* Assets.xcassets in Resources */,
				0067AF0B25651F560096F19B /* Main.storyboard in Resources */,
				007D016D256E36DA00ABECB0 /* PlayerCell.xib in Resources */,
				007D0167256E338200ABECB0 /* data.json in Resources */,
			);
			runOnlyForDeploymentPostprocessing = 0;
		};
/* End PBXResourcesBuildPhase section */

/* Begin PBXSourcesBuildPhase section */
		0067AEFC25651F560096F19B /* Sources */ = {
			isa = PBXSourcesBuildPhase;
			buildActionMask = 2147483647;
			files = (
				007D016C256E36DA00ABECB0 /* PlayerCell.swift in Sources */,
				0067AF0825651F560096F19B /* ViewController.swift in Sources */,
				0067AF0425651F560096F19B /* AppDelegate.swift in Sources */,
				0067AF55256523020096F19B /* VideoViewController.swift in Sources */,
			);
			runOnlyForDeploymentPostprocessing = 0;
		};
/* End PBXSourcesBuildPhase section */

/* Begin PBXVariantGroup section */
		0067AF0925651F560096F19B /* Main.storyboard */ = {
			isa = PBXVariantGroup;
			children = (
				0067AF0A25651F560096F19B /* Base */,
			);
			name = Main.storyboard;
			sourceTree = "<group>";
		};
		0067AF0E25651F590096F19B /* LaunchScreen.storyboard */ = {
			isa = PBXVariantGroup;
			children = (
				0067AF0F25651F590096F19B /* Base */,
			);
			name = LaunchScreen.storyboard;
			sourceTree = "<group>";
		};
/* End PBXVariantGroup section */

/* Begin XCBuildConfiguration section */
		0067AF1225651F590096F19B /* Debug */ = {
			isa = XCBuildConfiguration;
			buildSettings = {
				ALWAYS_SEARCH_USER_PATHS = NO;
				CLANG_ANALYZER_NONNULL = YES;
				CLANG_ANALYZER_NUMBER_OBJECT_CONVERSION = YES_AGGRESSIVE;
				CLANG_CXX_LANGUAGE_STANDARD = "gnu++14";
				CLANG_CXX_LIBRARY = "libc++";
				CLANG_ENABLE_MODULES = YES;
				CLANG_ENABLE_OBJC_ARC = YES;
				CLANG_ENABLE_OBJC_WEAK = YES;
				CLANG_WARN_BLOCK_CAPTURE_AUTORELEASING = YES;
				CLANG_WARN_BOOL_CONVERSION = YES;
				CLANG_WARN_COMMA = YES;
				CLANG_WARN_CONSTANT_CONVERSION = YES;
				CLANG_WARN_DEPRECATED_OBJC_IMPLEMENTATIONS = YES;
				CLANG_WARN_DIRECT_OBJC_ISA_USAGE = YES_ERROR;
				CLANG_WARN_DOCUMENTATION_COMMENTS = YES;
				CLANG_WARN_EMPTY_BODY = YES;
				CLANG_WARN_ENUM_CONVERSION = YES;
				CLANG_WARN_INFINITE_RECURSION = YES;
				CLANG_WARN_INT_CONVERSION = YES;
				CLANG_WARN_NON_LITERAL_NULL_CONVERSION = YES;
				CLANG_WARN_OBJC_IMPLICIT_RETAIN_SELF = YES;
				CLANG_WARN_OBJC_LITERAL_CONVERSION = YES;
				CLANG_WARN_OBJC_ROOT_CLASS = YES_ERROR;
				CLANG_WARN_QUOTED_INCLUDE_IN_FRAMEWORK_HEADER = YES;
				CLANG_WARN_RANGE_LOOP_ANALYSIS = YES;
				CLANG_WARN_STRICT_PROTOTYPES = YES;
				CLANG_WARN_SUSPICIOUS_MOVE = YES;
				CLANG_WARN_UNGUARDED_AVAILABILITY = YES_AGGRESSIVE;
				CLANG_WARN_UNREACHABLE_CODE = YES;
				CLANG_WARN__DUPLICATE_METHOD_MATCH = YES;
				COPY_PHASE_STRIP = NO;
				DEBUG_INFORMATION_FORMAT = dwarf;
				ENABLE_STRICT_OBJC_MSGSEND = YES;
				ENABLE_TESTABILITY = YES;
				GCC_C_LANGUAGE_STANDARD = gnu11;
				GCC_DYNAMIC_NO_PIC = NO;
				GCC_NO_COMMON_BLOCKS = YES;
				GCC_OPTIMIZATION_LEVEL = 0;
				GCC_PREPROCESSOR_DEFINITIONS = (
					"DEBUG=1",
					"$(inherited)",
				);
				GCC_WARN_64_TO_32_BIT_CONVERSION = YES;
				GCC_WARN_ABOUT_RETURN_TYPE = YES_ERROR;
				GCC_WARN_UNDECLARED_SELECTOR = YES;
				GCC_WARN_UNINITIALIZED_AUTOS = YES_AGGRESSIVE;
				GCC_WARN_UNUSED_FUNCTION = YES;
				GCC_WARN_UNUSED_VARIABLE = YES;
				IPHONEOS_DEPLOYMENT_TARGET = 14.1;
				MTL_ENABLE_DEBUG_INFO = INCLUDE_SOURCE;
				MTL_FAST_MATH = YES;
				ONLY_ACTIVE_ARCH = YES;
				SDKROOT = iphoneos;
				SWIFT_ACTIVE_COMPILATION_CONDITIONS = DEBUG;
				SWIFT_OPTIMIZATION_LEVEL = "-Onone";
			};
			name = Debug;
		};
		0067AF1325651F590096F19B /* Release */ = {
			isa = XCBuildConfiguration;
			buildSettings = {
				ALWAYS_SEARCH_USER_PATHS = NO;
				CLANG_ANALYZER_NONNULL = YES;
				CLANG_ANALYZER_NUMBER_OBJECT_CONVERSION = YES_AGGRESSIVE;
				CLANG_CXX_LANGUAGE_STANDARD = "gnu++14";
				CLANG_CXX_LIBRARY = "libc++";
				CLANG_ENABLE_MODULES = YES;
				CLANG_ENABLE_OBJC_ARC = YES;
				CLANG_ENABLE_OBJC_WEAK = YES;
				CLANG_WARN_BLOCK_CAPTURE_AUTORELEASING = YES;
				CLANG_WARN_BOOL_CONVERSION = YES;
				CLANG_WARN_COMMA = YES;
				CLANG_WARN_CONSTANT_CONVERSION = YES;
				CLANG_WARN_DEPRECATED_OBJC_IMPLEMENTATIONS = YES;
				CLANG_WARN_DIRECT_OBJC_ISA_USAGE = YES_ERROR;
				CLANG_WARN_DOCUMENTATION_COMMENTS = YES;
				CLANG_WARN_EMPTY_BODY = YES;
				CLANG_WARN_ENUM_CONVERSION = YES;
				CLANG_WARN_INFINITE_RECURSION = YES;
				CLANG_WARN_INT_CONVERSION = YES;
				CLANG_WARN_NON_LITERAL_NULL_CONVERSION = YES;
				CLANG_WARN_OBJC_IMPLICIT_RETAIN_SELF = YES;
				CLANG_WARN_OBJC_LITERAL_CONVERSION = YES;
				CLANG_WARN_OBJC_ROOT_CLASS = YES_ERROR;
				CLANG_WARN_QUOTED_INCLUDE_IN_FRAMEWORK_HEADER = YES;
				CLANG_WARN_RANGE_LOOP_ANALYSIS = YES;
				CLANG_WARN_STRICT_PROTOTYPES = YES;
				CLANG_WARN_SUSPICIOUS_MOVE = YES;
				CLANG_WARN_UNGUARDED_AVAILABILITY = YES_AGGRESSIVE;
				CLANG_WARN_UNREACHABLE_CODE = YES;
				CLANG_WARN__DUPLICATE_METHOD_MATCH = YES;
				COPY_PHASE_STRIP = NO;
				DEBUG_INFORMATION_FORMAT = "dwarf-with-dsym";
				ENABLE_NS_ASSERTIONS = NO;
				ENABLE_STRICT_OBJC_MSGSEND = YES;
				GCC_C_LANGUAGE_STANDARD = gnu11;
				GCC_NO_COMMON_BLOCKS = YES;
				GCC_WARN_64_TO_32_BIT_CONVERSION = YES;
				GCC_WARN_ABOUT_RETURN_TYPE = YES_ERROR;
				GCC_WARN_UNDECLARED_SELECTOR = YES;
				GCC_WARN_UNINITIALIZED_AUTOS = YES_AGGRESSIVE;
				GCC_WARN_UNUSED_FUNCTION = YES;
				GCC_WARN_UNUSED_VARIABLE = YES;
				IPHONEOS_DEPLOYMENT_TARGET = 14.1;
				MTL_ENABLE_DEBUG_INFO = NO;
				MTL_FAST_MATH = YES;
				SDKROOT = iphoneos;
				SWIFT_COMPILATION_MODE = wholemodule;
				SWIFT_OPTIMIZATION_LEVEL = "-O";
				VALIDATE_PRODUCT = YES;
			};
			name = Release;
		};
		0067AF1525651F590096F19B /* Debug */ = {
			isa = XCBuildConfiguration;
			buildSettings = {
				ASSETCATALOG_COMPILER_APPICON_NAME = AppIcon;
				ASSETCATALOG_COMPILER_GLOBAL_ACCENT_COLOR_NAME = AccentColor;
				CODE_SIGN_STYLE = Automatic;
				DEVELOPMENT_TEAM = RQW526M45R;
				ENABLE_BITCODE = NO;
				INFOPLIST_FILE = "iOS Example/Info.plist";
				IPHONEOS_DEPLOYMENT_TARGET = 10.0;
				LD_RUNPATH_SEARCH_PATHS = (
					"$(inherited)",
					"@executable_path/Frameworks",
				);
				PRODUCT_BUNDLE_IDENTIFIER = "douking.iOS-Example";
				PRODUCT_NAME = "$(TARGET_NAME)";
				SWIFT_VERSION = 5.0;
				TARGETED_DEVICE_FAMILY = "1,2";
			};
			name = Debug;
		};
		0067AF1625651F590096F19B /* Release */ = {
			isa = XCBuildConfiguration;
			buildSettings = {
				ASSETCATALOG_COMPILER_APPICON_NAME = AppIcon;
				ASSETCATALOG_COMPILER_GLOBAL_ACCENT_COLOR_NAME = AccentColor;
				CODE_SIGN_STYLE = Automatic;
				DEVELOPMENT_TEAM = RQW526M45R;
				ENABLE_BITCODE = NO;
				INFOPLIST_FILE = "iOS Example/Info.plist";
				IPHONEOS_DEPLOYMENT_TARGET = 10.0;
				LD_RUNPATH_SEARCH_PATHS = (
					"$(inherited)",
					"@executable_path/Frameworks",
				);
				PRODUCT_BUNDLE_IDENTIFIER = "douking.iOS-Example";
				PRODUCT_NAME = "$(TARGET_NAME)";
				SWIFT_VERSION = 5.0;
				TARGETED_DEVICE_FAMILY = "1,2";
			};
			name = Release;
		};
/* End XCBuildConfiguration section */

/* Begin XCConfigurationList section */
		0067AEFB25651F560096F19B /* Build configuration list for PBXProject "iOS Example" */ = {
			isa = XCConfigurationList;
			buildConfigurations = (
				0067AF1225651F590096F19B /* Debug */,
				0067AF1325651F590096F19B /* Release */,
			);
			defaultConfigurationIsVisible = 0;
			defaultConfigurationName = Release;
		};
		0067AF1425651F590096F19B /* Build configuration list for PBXNativeTarget "iOS Example" */ = {
			isa = XCConfigurationList;
			buildConfigurations = (
				0067AF1525651F590096F19B /* Debug */,
				0067AF1625651F590096F19B /* Release */,
			);
			defaultConfigurationIsVisible = 0;
			defaultConfigurationName = Release;
		};
/* End XCConfigurationList section */

/* Begin XCRemoteSwiftPackageReference section */
		007D016F256E390800ABECB0 /* XCRemoteSwiftPackageReference "SwiftyJSON" */ = {
			isa = XCRemoteSwiftPackageReference;
			repositoryURL = "https://github.com/SwiftyJSON/SwiftyJSON.git";
			requirement = {
				kind = upToNextMajorVersion;
				minimumVersion = 5.0.0;
			};
		};
		007D0174256E3CDE00ABECB0 /* XCRemoteSwiftPackageReference "Kingfisher" */ = {
			isa = XCRemoteSwiftPackageReference;
			repositoryURL = "https://github.com/onevcat/Kingfisher.git";
			requirement = {
				kind = upToNextMajorVersion;
				minimumVersion = 5.15.7;
			};
		};
/* End XCRemoteSwiftPackageReference section */

/* Begin XCSwiftPackageProductDependency section */
		007D0170256E390800ABECB0 /* SwiftyJSON */ = {
			isa = XCSwiftPackageProductDependency;
			package = 007D016F256E390800ABECB0 /* XCRemoteSwiftPackageReference "SwiftyJSON" */;
			productName = SwiftyJSON;
		};
		007D0175256E3CDE00ABECB0 /* Kingfisher */ = {
			isa = XCSwiftPackageProductDependency;
			package = 007D0174256E3CDE00ABECB0 /* XCRemoteSwiftPackageReference "Kingfisher" */;
			productName = Kingfisher;
		};
/* End XCSwiftPackageProductDependency section */
	};
	rootObject = 0067AEF825651F560096F19B /* Project object */;
}
